// !$*UTF8*$!
{
	archiveVersion = 1;
	classes = {
	};
	objectVersion = 46;
	objects = {

/* Begin PBXBuildFile section */
		07D577FDB45D9BA8F4CAD0DA /* Pods_cryptickTests.framework in Frameworks */ = {isa = PBXBuildFile; fileRef = 562372E856A5D305EF7E8AE7 /* Pods_cryptickTests.framework */; };
		34226B40708F476493A05131 /* Pods_cryptick.framework in Frameworks */ = {isa = PBXBuildFile; fileRef = 9A619255908BA3729D670994 /* Pods_cryptick.framework */; };
		3B2936941F212806004375EE /* TickerManager.swift in Sources */ = {isa = PBXBuildFile; fileRef = 3B2936931F212806004375EE /* TickerManager.swift */; };
		3B2936961F213446004375EE /* Ticker.swift in Sources */ = {isa = PBXBuildFile; fileRef = 3B2936951F213446004375EE /* Ticker.swift */; };
		3BA97A261F237FCB00058DDC /* DateExtension.swift in Sources */ = {isa = PBXBuildFile; fileRef = 3BA97A251F237FCB00058DDC /* DateExtension.swift */; };
		3BA97A281F23CAB600058DDC /* StringExtension.swift in Sources */ = {isa = PBXBuildFile; fileRef = 3BA97A271F23CAB600058DDC /* StringExtension.swift */; };
		3BA97A2B1F23CF6900058DDC /* TickerCollectionViewCell.swift in Sources */ = {isa = PBXBuildFile; fileRef = 3BA97A2A1F23CF6900058DDC /* TickerCollectionViewCell.swift */; };
		3BCEBADC1F180A600025CD99 /* AppDelegate.swift in Sources */ = {isa = PBXBuildFile; fileRef = 3BCEBADB1F180A600025CD99 /* AppDelegate.swift */; };
		3BCEBADE1F180A600025CD99 /* ViewController.swift in Sources */ = {isa = PBXBuildFile; fileRef = 3BCEBADD1F180A600025CD99 /* ViewController.swift */; };
		3BCEBAE11F180A600025CD99 /* Main.storyboard in Resources */ = {isa = PBXBuildFile; fileRef = 3BCEBADF1F180A600025CD99 /* Main.storyboard */; };
		3BCEBAE31F180A600025CD99 /* Assets.xcassets in Resources */ = {isa = PBXBuildFile; fileRef = 3BCEBAE21F180A600025CD99 /* Assets.xcassets */; };
		3BCEBAE61F180A600025CD99 /* LaunchScreen.storyboard in Resources */ = {isa = PBXBuildFile; fileRef = 3BCEBAE41F180A600025CD99 /* LaunchScreen.storyboard */; };
		3BCEBAF11F180A600025CD99 /* cryptickTests.swift in Sources */ = {isa = PBXBuildFile; fileRef = 3BCEBAF01F180A600025CD99 /* cryptickTests.swift */; };
		3BCEBAFC1F180A600025CD99 /* cryptickUITests.swift in Sources */ = {isa = PBXBuildFile; fileRef = 3BCEBAFB1F180A600025CD99 /* cryptickUITests.swift */; };
		3BCEBB0D1F1812130025CD99 /* MainViewController.swift in Sources */ = {isa = PBXBuildFile; fileRef = 3BCEBB0C1F1812130025CD99 /* MainViewController.swift */; };
		D7DD018D69B30DC9DDDD1DE2 /* Pods_cryptickUITests.framework in Frameworks */ = {isa = PBXBuildFile; fileRef = 176D48886E2B51042588B66F /* Pods_cryptickUITests.framework */; };
/* End PBXBuildFile section */

/* Begin PBXContainerItemProxy section */
		3BCEBAED1F180A600025CD99 /* PBXContainerItemProxy */ = {
			isa = PBXContainerItemProxy;
			containerPortal = 3BCEBAD01F180A5F0025CD99 /* Project object */;
			proxyType = 1;
			remoteGlobalIDString = 3BCEBAD71F180A5F0025CD99;
			remoteInfo = cryptick;
		};
		3BCEBAF81F180A600025CD99 /* PBXContainerItemProxy */ = {
			isa = PBXContainerItemProxy;
			containerPortal = 3BCEBAD01F180A5F0025CD99 /* Project object */;
			proxyType = 1;
			remoteGlobalIDString = 3BCEBAD71F180A5F0025CD99;
			remoteInfo = cryptick;
		};
/* End PBXContainerItemProxy section */

/* Begin PBXFileReference section */
		148816B074B805AB246391F3 /* Pods-cryptick.release.xcconfig */ = {isa = PBXFileReference; includeInIndex = 1; lastKnownFileType = text.xcconfig; name = "Pods-cryptick.release.xcconfig"; path = "Pods/Target Support Files/Pods-cryptick/Pods-cryptick.release.xcconfig"; sourceTree = "<group>"; };
		176D48886E2B51042588B66F /* Pods_cryptickUITests.framework */ = {isa = PBXFileReference; explicitFileType = wrapper.framework; includeInIndex = 0; path = Pods_cryptickUITests.framework; sourceTree = BUILT_PRODUCTS_DIR; };
		1CCFECC20D82EAA95B077B61 /* Pods-cryptickUITests.debug.xcconfig */ = {isa = PBXFileReference; includeInIndex = 1; lastKnownFileType = text.xcconfig; name = "Pods-cryptickUITests.debug.xcconfig"; path = "Pods/Target Support Files/Pods-cryptickUITests/Pods-cryptickUITests.debug.xcconfig"; sourceTree = "<group>"; };
		1CD3A85F88BE98885DD0763B /* Pods-cryptick.debug.xcconfig */ = {isa = PBXFileReference; includeInIndex = 1; lastKnownFileType = text.xcconfig; name = "Pods-cryptick.debug.xcconfig"; path = "Pods/Target Support Files/Pods-cryptick/Pods-cryptick.debug.xcconfig"; sourceTree = "<group>"; };
		3AF65C503FA8A8045F861341 /* Pods-cryptickTests.debug.xcconfig */ = {isa = PBXFileReference; includeInIndex = 1; lastKnownFileType = text.xcconfig; name = "Pods-cryptickTests.debug.xcconfig"; path = "Pods/Target Support Files/Pods-cryptickTests/Pods-cryptickTests.debug.xcconfig"; sourceTree = "<group>"; };
		3B2936931F212806004375EE /* TickerManager.swift */ = {isa = PBXFileReference; fileEncoding = 4; lastKnownFileType = sourcecode.swift; name = TickerManager.swift; path = Model/TickerManager.swift; sourceTree = "<group>"; };
		3B2936951F213446004375EE /* Ticker.swift */ = {isa = PBXFileReference; fileEncoding = 4; lastKnownFileType = sourcecode.swift; name = Ticker.swift; path = Model/Ticker.swift; sourceTree = "<group>"; };
		3BA97A251F237FCB00058DDC /* DateExtension.swift */ = {isa = PBXFileReference; fileEncoding = 4; lastKnownFileType = sourcecode.swift; name = DateExtension.swift; path = Utilities/DateExtension.swift; sourceTree = "<group>"; };
		3BA97A271F23CAB600058DDC /* StringExtension.swift */ = {isa = PBXFileReference; fileEncoding = 4; lastKnownFileType = sourcecode.swift; name = StringExtension.swift; path = Utilities/StringExtension.swift; sourceTree = "<group>"; };
		3BA97A2A1F23CF6900058DDC /* TickerCollectionViewCell.swift */ = {isa = PBXFileReference; fileEncoding = 4; lastKnownFileType = sourcecode.swift; name = TickerCollectionViewCell.swift; path = View/TickerCollectionViewCell.swift; sourceTree = "<group>"; };
		3BCEBAD81F180A600025CD99 /* cryptick.app */ = {isa = PBXFileReference; explicitFileType = wrapper.application; includeInIndex = 0; path = cryptick.app; sourceTree = BUILT_PRODUCTS_DIR; };
		3BCEBADB1F180A600025CD99 /* AppDelegate.swift */ = {isa = PBXFileReference; lastKnownFileType = sourcecode.swift; path = AppDelegate.swift; sourceTree = "<group>"; };
		3BCEBADD1F180A600025CD99 /* ViewController.swift */ = {isa = PBXFileReference; lastKnownFileType = sourcecode.swift; path = ViewController.swift; sourceTree = "<group>"; };
		3BCEBAE01F180A600025CD99 /* Base */ = {isa = PBXFileReference; lastKnownFileType = file.storyboard; name = Base; path = Base.lproj/Main.storyboard; sourceTree = "<group>"; };
		3BCEBAE21F180A600025CD99 /* Assets.xcassets */ = {isa = PBXFileReference; lastKnownFileType = folder.assetcatalog; path = Assets.xcassets; sourceTree = "<group>"; };
		3BCEBAE51F180A600025CD99 /* Base */ = {isa = PBXFileReference; lastKnownFileType = file.storyboard; name = Base; path = Base.lproj/LaunchScreen.storyboard; sourceTree = "<group>"; };
		3BCEBAE71F180A600025CD99 /* Info.plist */ = {isa = PBXFileReference; lastKnownFileType = text.plist.xml; path = Info.plist; sourceTree = "<group>"; };
		3BCEBAEC1F180A600025CD99 /* cryptickTests.xctest */ = {isa = PBXFileReference; explicitFileType = wrapper.cfbundle; includeInIndex = 0; path = cryptickTests.xctest; sourceTree = BUILT_PRODUCTS_DIR; };
		3BCEBAF01F180A600025CD99 /* cryptickTests.swift */ = {isa = PBXFileReference; lastKnownFileType = sourcecode.swift; path = cryptickTests.swift; sourceTree = "<group>"; };
		3BCEBAF21F180A600025CD99 /* Info.plist */ = {isa = PBXFileReference; lastKnownFileType = text.plist.xml; path = Info.plist; sourceTree = "<group>"; };
		3BCEBAF71F180A600025CD99 /* cryptickUITests.xctest */ = {isa = PBXFileReference; explicitFileType = wrapper.cfbundle; includeInIndex = 0; path = cryptickUITests.xctest; sourceTree = BUILT_PRODUCTS_DIR; };
		3BCEBAFB1F180A600025CD99 /* cryptickUITests.swift */ = {isa = PBXFileReference; lastKnownFileType = sourcecode.swift; path = cryptickUITests.swift; sourceTree = "<group>"; };
		3BCEBAFD1F180A600025CD99 /* Info.plist */ = {isa = PBXFileReference; lastKnownFileType = text.plist.xml; path = Info.plist; sourceTree = "<group>"; };
		3BCEBB0C1F1812130025CD99 /* MainViewController.swift */ = {isa = PBXFileReference; fileEncoding = 4; lastKnownFileType = sourcecode.swift; name = MainViewController.swift; path = MainView/MainViewController.swift; sourceTree = "<group>"; };
		562372E856A5D305EF7E8AE7 /* Pods_cryptickTests.framework */ = {isa = PBXFileReference; explicitFileType = wrapper.framework; includeInIndex = 0; path = Pods_cryptickTests.framework; sourceTree = BUILT_PRODUCTS_DIR; };
		94FDA38B3A8AEEC04AF4DC69 /* Pods-cryptickUITests.release.xcconfig */ = {isa = PBXFileReference; includeInIndex = 1; lastKnownFileType = text.xcconfig; name = "Pods-cryptickUITests.release.xcconfig"; path = "Pods/Target Support Files/Pods-cryptickUITests/Pods-cryptickUITests.release.xcconfig"; sourceTree = "<group>"; };
		9A619255908BA3729D670994 /* Pods_cryptick.framework */ = {isa = PBXFileReference; explicitFileType = wrapper.framework; includeInIndex = 0; path = Pods_cryptick.framework; sourceTree = BUILT_PRODUCTS_DIR; };
		DCD3FC99C0DDB7DC65696107 /* Pods-cryptickTests.release.xcconfig */ = {isa = PBXFileReference; includeInIndex = 1; lastKnownFileType = text.xcconfig; name = "Pods-cryptickTests.release.xcconfig"; path = "Pods/Target Support Files/Pods-cryptickTests/Pods-cryptickTests.release.xcconfig"; sourceTree = "<group>"; };
/* End PBXFileReference section */

/* Begin PBXFrameworksBuildPhase section */
		3BCEBAD51F180A5F0025CD99 /* Frameworks */ = {
			isa = PBXFrameworksBuildPhase;
			buildActionMask = 2147483647;
			files = (
				34226B40708F476493A05131 /* Pods_cryptick.framework in Frameworks */,
			);
			runOnlyForDeploymentPostprocessing = 0;
		};
		3BCEBAE91F180A600025CD99 /* Frameworks */ = {
			isa = PBXFrameworksBuildPhase;
			buildActionMask = 2147483647;
			files = (
				07D577FDB45D9BA8F4CAD0DA /* Pods_cryptickTests.framework in Frameworks */,
			);
			runOnlyForDeploymentPostprocessing = 0;
		};
		3BCEBAF41F180A600025CD99 /* Frameworks */ = {
			isa = PBXFrameworksBuildPhase;
			buildActionMask = 2147483647;
			files = (
				D7DD018D69B30DC9DDDD1DE2 /* Pods_cryptickUITests.framework in Frameworks */,
			);
			runOnlyForDeploymentPostprocessing = 0;
		};
/* End PBXFrameworksBuildPhase section */

/* Begin PBXGroup section */
		3B2936921F21029D004375EE /* Model */ = {
			isa = PBXGroup;
			children = (
				3B2936931F212806004375EE /* TickerManager.swift */,
				3B2936951F213446004375EE /* Ticker.swift */,
			);
			name = Model;
			sourceTree = "<group>";
		};
		3BA97A241F237F7700058DDC /* Utilities */ = {
			isa = PBXGroup;
			children = (
				3BA97A251F237FCB00058DDC /* DateExtension.swift */,
				3BA97A271F23CAB600058DDC /* StringExtension.swift */,
			);
			name = Utilities;
			sourceTree = "<group>";
		};
		3BA97A291F23CF2400058DDC /* View */ = {
			isa = PBXGroup;
			children = (
				3BA97A2A1F23CF6900058DDC /* TickerCollectionViewCell.swift */,
			);
			name = View;
			sourceTree = "<group>";
		};
		3BCEBACF1F180A5F0025CD99 = {
			isa = PBXGroup;
			children = (
				3BCEBADA1F180A600025CD99 /* cryptick */,
				3BCEBAEF1F180A600025CD99 /* cryptickTests */,
				3BCEBAFA1F180A600025CD99 /* cryptickUITests */,
				3BCEBAD91F180A600025CD99 /* Products */,
				ECC481A8E9F6A44EE0E81FD3 /* Pods */,
				9B9946BB5C93C07CFA9E3D88 /* Frameworks */,
			);
			sourceTree = "<group>";
		};
		3BCEBAD91F180A600025CD99 /* Products */ = {
			isa = PBXGroup;
			children = (
				3BCEBAD81F180A600025CD99 /* cryptick.app */,
				3BCEBAEC1F180A600025CD99 /* cryptickTests.xctest */,
				3BCEBAF71F180A600025CD99 /* cryptickUITests.xctest */,
			);
			name = Products;
			sourceTree = "<group>";
		};
		3BCEBADA1F180A600025CD99 /* cryptick */ = {
			isa = PBXGroup;
			children = (
				3BA97A291F23CF2400058DDC /* View */,
				3BA97A241F237F7700058DDC /* Utilities */,
				3B2936921F21029D004375EE /* Model */,
				3BCEBB0B1F18119B0025CD99 /* Controllers */,
				3BCEBADB1F180A600025CD99 /* AppDelegate.swift */,
				3BCEBADD1F180A600025CD99 /* ViewController.swift */,
				3BCEBADF1F180A600025CD99 /* Main.storyboard */,
				3BCEBAE21F180A600025CD99 /* Assets.xcassets */,
				3BCEBAE41F180A600025CD99 /* LaunchScreen.storyboard */,
				3BCEBAE71F180A600025CD99 /* Info.plist */,
			);
			path = cryptick;
			sourceTree = "<group>";
		};
		3BCEBAEF1F180A600025CD99 /* cryptickTests */ = {
			isa = PBXGroup;
			children = (
				3BCEBAF01F180A600025CD99 /* cryptickTests.swift */,
				3BCEBAF21F180A600025CD99 /* Info.plist */,
			);
			path = cryptickTests;
			sourceTree = "<group>";
		};
		3BCEBAFA1F180A600025CD99 /* cryptickUITests */ = {
			isa = PBXGroup;
			children = (
				3BCEBAFB1F180A600025CD99 /* cryptickUITests.swift */,
				3BCEBAFD1F180A600025CD99 /* Info.plist */,
			);
			path = cryptickUITests;
			sourceTree = "<group>";
		};
		3BCEBB0B1F18119B0025CD99 /* Controllers */ = {
			isa = PBXGroup;
			children = (
				3BCEBB0C1F1812130025CD99 /* MainViewController.swift */,
			);
			name = Controllers;
			sourceTree = "<group>";
		};
		9B9946BB5C93C07CFA9E3D88 /* Frameworks */ = {
			isa = PBXGroup;
			children = (
				9A619255908BA3729D670994 /* Pods_cryptick.framework */,
				562372E856A5D305EF7E8AE7 /* Pods_cryptickTests.framework */,
				176D48886E2B51042588B66F /* Pods_cryptickUITests.framework */,
			);
			name = Frameworks;
			sourceTree = "<group>";
		};
		ECC481A8E9F6A44EE0E81FD3 /* Pods */ = {
			isa = PBXGroup;
			children = (
				1CD3A85F88BE98885DD0763B /* Pods-cryptick.debug.xcconfig */,
				148816B074B805AB246391F3 /* Pods-cryptick.release.xcconfig */,
				3AF65C503FA8A8045F861341 /* Pods-cryptickTests.debug.xcconfig */,
				DCD3FC99C0DDB7DC65696107 /* Pods-cryptickTests.release.xcconfig */,
				1CCFECC20D82EAA95B077B61 /* Pods-cryptickUITests.debug.xcconfig */,
				94FDA38B3A8AEEC04AF4DC69 /* Pods-cryptickUITests.release.xcconfig */,
			);
			name = Pods;
			sourceTree = "<group>";
		};
/* End PBXGroup section */

/* Begin PBXNativeTarget section */
		3BCEBAD71F180A5F0025CD99 /* cryptick */ = {
			isa = PBXNativeTarget;
			buildConfigurationList = 3BCEBB001F180A600025CD99 /* Build configuration list for PBXNativeTarget "cryptick" */;
			buildPhases = (
				D4A97B85958B924F6C8DBA3F /* [CP] Check Pods Manifest.lock */,
				3BCEBAD41F180A5F0025CD99 /* Sources */,
				3BCEBAD51F180A5F0025CD99 /* Frameworks */,
				3BCEBAD61F180A5F0025CD99 /* Resources */,
				B05F0DD70AB70F41DE9845F3 /* [CP] Embed Pods Frameworks */,
				63FF9750B60A08DEFF32E094 /* [CP] Copy Pods Resources */,
			);
			buildRules = (
			);
			dependencies = (
			);
			name = cryptick;
			productName = cryptick;
			productReference = 3BCEBAD81F180A600025CD99 /* cryptick.app */;
			productType = "com.apple.product-type.application";
		};
		3BCEBAEB1F180A600025CD99 /* cryptickTests */ = {
			isa = PBXNativeTarget;
			buildConfigurationList = 3BCEBB031F180A600025CD99 /* Build configuration list for PBXNativeTarget "cryptickTests" */;
			buildPhases = (
				63BBE17A4A021C4DFAAA8177 /* [CP] Check Pods Manifest.lock */,
				3BCEBAE81F180A600025CD99 /* Sources */,
				3BCEBAE91F180A600025CD99 /* Frameworks */,
				3BCEBAEA1F180A600025CD99 /* Resources */,
				AA78E7FF46E5D53E2CC5BF33 /* [CP] Embed Pods Frameworks */,
				04D0F392859334D8B16D3CF8 /* [CP] Copy Pods Resources */,
			);
			buildRules = (
			);
			dependencies = (
				3BCEBAEE1F180A600025CD99 /* PBXTargetDependency */,
			);
			name = cryptickTests;
			productName = cryptickTests;
			productReference = 3BCEBAEC1F180A600025CD99 /* cryptickTests.xctest */;
			productType = "com.apple.product-type.bundle.unit-test";
		};
		3BCEBAF61F180A600025CD99 /* cryptickUITests */ = {
			isa = PBXNativeTarget;
			buildConfigurationList = 3BCEBB061F180A600025CD99 /* Build configuration list for PBXNativeTarget "cryptickUITests" */;
			buildPhases = (
				E2A88067361FFB1B3BEBE432 /* [CP] Check Pods Manifest.lock */,
				3BCEBAF31F180A600025CD99 /* Sources */,
				3BCEBAF41F180A600025CD99 /* Frameworks */,
				3BCEBAF51F180A600025CD99 /* Resources */,
				150C48FF34EDA81132359002 /* [CP] Embed Pods Frameworks */,
				42823AAB3A7FE2BF81A53294 /* [CP] Copy Pods Resources */,
			);
			buildRules = (
			);
			dependencies = (
				3BCEBAF91F180A600025CD99 /* PBXTargetDependency */,
			);
			name = cryptickUITests;
			productName = cryptickUITests;
			productReference = 3BCEBAF71F180A600025CD99 /* cryptickUITests.xctest */;
			productType = "com.apple.product-type.bundle.ui-testing";
		};
/* End PBXNativeTarget section */

/* Begin PBXProject section */
		3BCEBAD01F180A5F0025CD99 /* Project object */ = {
			isa = PBXProject;
			attributes = {
				LastSwiftUpdateCheck = 0830;
				LastUpgradeCheck = 0830;
				ORGANIZATIONNAME = "Steeve Monniere";
				TargetAttributes = {
					3BCEBAD71F180A5F0025CD99 = {
						CreatedOnToolsVersion = 8.3.3;
						DevelopmentTeam = C65M6AU29L;
						ProvisioningStyle = Automatic;
					};
					3BCEBAEB1F180A600025CD99 = {
						CreatedOnToolsVersion = 8.3.3;
						DevelopmentTeam = C65M6AU29L;
						ProvisioningStyle = Automatic;
						TestTargetID = 3BCEBAD71F180A5F0025CD99;
					};
					3BCEBAF61F180A600025CD99 = {
						CreatedOnToolsVersion = 8.3.3;
						DevelopmentTeam = C65M6AU29L;
						ProvisioningStyle = Automatic;
						TestTargetID = 3BCEBAD71F180A5F0025CD99;
					};
				};
			};
			buildConfigurationList = 3BCEBAD31F180A5F0025CD99 /* Build configuration list for PBXProject "cryptick" */;
			compatibilityVersion = "Xcode 3.2";
			developmentRegion = English;
			hasScannedForEncodings = 0;
			knownRegions = (
				en,
				Base,
			);
			mainGroup = 3BCEBACF1F180A5F0025CD99;
			productRefGroup = 3BCEBAD91F180A600025CD99 /* Products */;
			projectDirPath = "";
			projectRoot = "";
			targets = (
				3BCEBAD71F180A5F0025CD99 /* cryptick */,
				3BCEBAEB1F180A600025CD99 /* cryptickTests */,
				3BCEBAF61F180A600025CD99 /* cryptickUITests */,
			);
		};
/* End PBXProject section */

/* Begin PBXResourcesBuildPhase section */
		3BCEBAD61F180A5F0025CD99 /* Resources */ = {
			isa = PBXResourcesBuildPhase;
			buildActionMask = 2147483647;
			files = (
				3BCEBAE61F180A600025CD99 /* LaunchScreen.storyboard in Resources */,
				3BCEBAE31F180A600025CD99 /* Assets.xcassets in Resources */,
				3BCEBAE11F180A600025CD99 /* Main.storyboard in Resources */,
			);
			runOnlyForDeploymentPostprocessing = 0;
		};
		3BCEBAEA1F180A600025CD99 /* Resources */ = {
			isa = PBXResourcesBuildPhase;
			buildActionMask = 2147483647;
			files = (
			);
			runOnlyForDeploymentPostprocessing = 0;
		};
		3BCEBAF51F180A600025CD99 /* Resources */ = {
			isa = PBXResourcesBuildPhase;
			buildActionMask = 2147483647;
			files = (
			);
			runOnlyForDeploymentPostprocessing = 0;
		};
/* End PBXResourcesBuildPhase section */

/* Begin PBXShellScriptBuildPhase section */
		04D0F392859334D8B16D3CF8 /* [CP] Copy Pods Resources */ = {
			isa = PBXShellScriptBuildPhase;
			buildActionMask = 2147483647;
			files = (
			);
			inputPaths = (
			);
			name = "[CP] Copy Pods Resources";
			outputPaths = (
			);
			runOnlyForDeploymentPostprocessing = 0;
			shellPath = /bin/sh;
			shellScript = "\"${SRCROOT}/Pods/Target Support Files/Pods-cryptickTests/Pods-cryptickTests-resources.sh\"\n";
			showEnvVarsInLog = 0;
		};
		150C48FF34EDA81132359002 /* [CP] Embed Pods Frameworks */ = {
			isa = PBXShellScriptBuildPhase;
			buildActionMask = 2147483647;
			files = (
			);
			inputPaths = (
			);
			name = "[CP] Embed Pods Frameworks";
			outputPaths = (
			);
			runOnlyForDeploymentPostprocessing = 0;
			shellPath = /bin/sh;
			shellScript = "\"${SRCROOT}/Pods/Target Support Files/Pods-cryptickUITests/Pods-cryptickUITests-frameworks.sh\"\n";
			showEnvVarsInLog = 0;
		};
		42823AAB3A7FE2BF81A53294 /* [CP] Copy Pods Resources */ = {
			isa = PBXShellScriptBuildPhase;
			buildActionMask = 2147483647;
			files = (
			);
			inputPaths = (
			);
			name = "[CP] Copy Pods Resources";
			outputPaths = (
			);
			runOnlyForDeploymentPostprocessing = 0;
			shellPath = /bin/sh;
			shellScript = "\"${SRCROOT}/Pods/Target Support Files/Pods-cryptickUITests/Pods-cryptickUITests-resources.sh\"\n";
			showEnvVarsInLog = 0;
		};
		63BBE17A4A021C4DFAAA8177 /* [CP] Check Pods Manifest.lock */ = {
			isa = PBXShellScriptBuildPhase;
			buildActionMask = 2147483647;
			files = (
			);
			inputPaths = (
			);
			name = "[CP] Check Pods Manifest.lock";
			outputPaths = (
			);
			runOnlyForDeploymentPostprocessing = 0;
			shellPath = /bin/sh;
			shellScript = "diff \"${PODS_PODFILE_DIR_PATH}/Podfile.lock\" \"${PODS_ROOT}/Manifest.lock\" > /dev/null\nif [ $? != 0 ] ; then\n    # print error to STDERR\n    echo \"error: The sandbox is not in sync with the Podfile.lock. Run 'pod install' or update your CocoaPods installation.\" >&2\n    exit 1\nfi\n";
			showEnvVarsInLog = 0;
		};
		63FF9750B60A08DEFF32E094 /* [CP] Copy Pods Resources */ = {
			isa = PBXShellScriptBuildPhase;
			buildActionMask = 2147483647;
			files = (
			);
			inputPaths = (
			);
			name = "[CP] Copy Pods Resources";
			outputPaths = (
			);
			runOnlyForDeploymentPostprocessing = 0;
			shellPath = /bin/sh;
			shellScript = "\"${SRCROOT}/Pods/Target Support Files/Pods-cryptick/Pods-cryptick-resources.sh\"\n";
			showEnvVarsInLog = 0;
		};
		AA78E7FF46E5D53E2CC5BF33 /* [CP] Embed Pods Frameworks */ = {
			isa = PBXShellScriptBuildPhase;
			buildActionMask = 2147483647;
			files = (
			);
			inputPaths = (
			);
			name = "[CP] Embed Pods Frameworks";
			outputPaths = (
			);
			runOnlyForDeploymentPostprocessing = 0;
			shellPath = /bin/sh;
			shellScript = "\"${SRCROOT}/Pods/Target Support Files/Pods-cryptickTests/Pods-cryptickTests-frameworks.sh\"\n";
			showEnvVarsInLog = 0;
		};
		B05F0DD70AB70F41DE9845F3 /* [CP] Embed Pods Frameworks */ = {
			isa = PBXShellScriptBuildPhase;
			buildActionMask = 2147483647;
			files = (
			);
			inputPaths = (
			);
			name = "[CP] Embed Pods Frameworks";
			outputPaths = (
			);
			runOnlyForDeploymentPostprocessing = 0;
			shellPath = /bin/sh;
			shellScript = "\"${SRCROOT}/Pods/Target Support Files/Pods-cryptick/Pods-cryptick-frameworks.sh\"\n";
			showEnvVarsInLog = 0;
		};
		D4A97B85958B924F6C8DBA3F /* [CP] Check Pods Manifest.lock */ = {
			isa = PBXShellScriptBuildPhase;
			buildActionMask = 2147483647;
			files = (
			);
			inputPaths = (
			);
			name = "[CP] Check Pods Manifest.lock";
			outputPaths = (
			);
			runOnlyForDeploymentPostprocessing = 0;
			shellPath = /bin/sh;
			shellScript = "diff \"${PODS_PODFILE_DIR_PATH}/Podfile.lock\" \"${PODS_ROOT}/Manifest.lock\" > /dev/null\nif [ $? != 0 ] ; then\n    # print error to STDERR\n    echo \"error: The sandbox is not in sync with the Podfile.lock. Run 'pod install' or update your CocoaPods installation.\" >&2\n    exit 1\nfi\n";
			showEnvVarsInLog = 0;
		};
		E2A88067361FFB1B3BEBE432 /* [CP] Check Pods Manifest.lock */ = {
			isa = PBXShellScriptBuildPhase;
			buildActionMask = 2147483647;
			files = (
			);
			inputPaths = (
			);
			name = "[CP] Check Pods Manifest.lock";
			outputPaths = (
			);
			runOnlyForDeploymentPostprocessing = 0;
			shellPath = /bin/sh;
			shellScript = "diff \"${PODS_PODFILE_DIR_PATH}/Podfile.lock\" \"${PODS_ROOT}/Manifest.lock\" > /dev/null\nif [ $? != 0 ] ; then\n    # print error to STDERR\n    echo \"error: The sandbox is not in sync with the Podfile.lock. Run 'pod install' or update your CocoaPods installation.\" >&2\n    exit 1\nfi\n";
			showEnvVarsInLog = 0;
		};
/* End PBXShellScriptBuildPhase section */

/* Begin PBXSourcesBuildPhase section */
		3BCEBAD41F180A5F0025CD99 /* Sources */ = {
			isa = PBXSourcesBuildPhase;
			buildActionMask = 2147483647;
			files = (
				3BCEBB0D1F1812130025CD99 /* MainViewController.swift in Sources */,
				3BA97A281F23CAB600058DDC /* StringExtension.swift in Sources */,
				3BA97A2B1F23CF6900058DDC /* TickerCollectionViewCell.swift in Sources */,
				3BA97A261F237FCB00058DDC /* DateExtension.swift in Sources */,
				3B2936941F212806004375EE /* TickerManager.swift in Sources */,
				3B2936961F213446004375EE /* Ticker.swift in Sources */,
				3BCEBADE1F180A600025CD99 /* ViewController.swift in Sources */,
				3BCEBADC1F180A600025CD99 /* AppDelegate.swift in Sources */,
			);
			runOnlyForDeploymentPostprocessing = 0;
		};
		3BCEBAE81F180A600025CD99 /* Sources */ = {
			isa = PBXSourcesBuildPhase;
			buildActionMask = 2147483647;
			files = (
				3BCEBAF11F180A600025CD99 /* cryptickTests.swift in Sources */,
			);
			runOnlyForDeploymentPostprocessing = 0;
		};
		3BCEBAF31F180A600025CD99 /* Sources */ = {
			isa = PBXSourcesBuildPhase;
			buildActionMask = 2147483647;
			files = (
				3BCEBAFC1F180A600025CD99 /* cryptickUITests.swift in Sources */,
			);
			runOnlyForDeploymentPostprocessing = 0;
		};
/* End PBXSourcesBuildPhase section */

/* Begin PBXTargetDependency section */
		3BCEBAEE1F180A600025CD99 /* PBXTargetDependency */ = {
			isa = PBXTargetDependency;
			target = 3BCEBAD71F180A5F0025CD99 /* cryptick */;
			targetProxy = 3BCEBAED1F180A600025CD99 /* PBXContainerItemProxy */;
		};
		3BCEBAF91F180A600025CD99 /* PBXTargetDependency */ = {
			isa = PBXTargetDependency;
			target = 3BCEBAD71F180A5F0025CD99 /* cryptick */;
			targetProxy = 3BCEBAF81F180A600025CD99 /* PBXContainerItemProxy */;
		};
/* End PBXTargetDependency section */

/* Begin PBXVariantGroup section */
		3BCEBADF1F180A600025CD99 /* Main.storyboard */ = {
			isa = PBXVariantGroup;
			children = (
				3BCEBAE01F180A600025CD99 /* Base */,
			);
			name = Main.storyboard;
			sourceTree = "<group>";
		};
		3BCEBAE41F180A600025CD99 /* LaunchScreen.storyboard */ = {
			isa = PBXVariantGroup;
			children = (
				3BCEBAE51F180A600025CD99 /* Base */,
			);
			name = LaunchScreen.storyboard;
			sourceTree = "<group>";
		};
/* End PBXVariantGroup section */

/* Begin XCBuildConfiguration section */
		3BCEBAFE1F180A600025CD99 /* Debug */ = {
			isa = XCBuildConfiguration;
			buildSettings = {
				ALWAYS_SEARCH_USER_PATHS = NO;
				CLANG_ANALYZER_NONNULL = YES;
				CLANG_ANALYZER_NUMBER_OBJECT_CONVERSION = YES_AGGRESSIVE;
				CLANG_CXX_LANGUAGE_STANDARD = "gnu++0x";
				CLANG_CXX_LIBRARY = "libc++";
				CLANG_ENABLE_MODULES = YES;
				CLANG_ENABLE_OBJC_ARC = YES;
				CLANG_WARN_BOOL_CONVERSION = YES;
				CLANG_WARN_CONSTANT_CONVERSION = YES;
				CLANG_WARN_DIRECT_OBJC_ISA_USAGE = YES_ERROR;
				CLANG_WARN_DOCUMENTATION_COMMENTS = YES;
				CLANG_WARN_EMPTY_BODY = YES;
				CLANG_WARN_ENUM_CONVERSION = YES;
				CLANG_WARN_INFINITE_RECURSION = YES;
				CLANG_WARN_INT_CONVERSION = YES;
				CLANG_WARN_OBJC_ROOT_CLASS = YES_ERROR;
				CLANG_WARN_SUSPICIOUS_MOVE = YES;
				CLANG_WARN_UNREACHABLE_CODE = YES;
				CLANG_WARN__DUPLICATE_METHOD_MATCH = YES;
				"CODE_SIGN_IDENTITY[sdk=iphoneos*]" = "iPhone Developer";
				COPY_PHASE_STRIP = NO;
				DEBUG_INFORMATION_FORMAT = dwarf;
				ENABLE_STRICT_OBJC_MSGSEND = YES;
				ENABLE_TESTABILITY = YES;
				GCC_C_LANGUAGE_STANDARD = gnu99;
				GCC_DYNAMIC_NO_PIC = NO;
				GCC_NO_COMMON_BLOCKS = YES;
				GCC_OPTIMIZATION_LEVEL = 0;
				GCC_PREPROCESSOR_DEFINITIONS = (
					"DEBUG=1",
					"$(inherited)",
				);
				GCC_WARN_64_TO_32_BIT_CONVERSION = YES;
				GCC_WARN_ABOUT_RETURN_TYPE = YES_ERROR;
				GCC_WARN_UNDECLARED_SELECTOR = YES;
				GCC_WARN_UNINITIALIZED_AUTOS = YES_AGGRESSIVE;
				GCC_WARN_UNUSED_FUNCTION = YES;
				GCC_WARN_UNUSED_VARIABLE = YES;
				IPHONEOS_DEPLOYMENT_TARGET = 10.3;
				MTL_ENABLE_DEBUG_INFO = YES;
				ONLY_ACTIVE_ARCH = YES;
				SDKROOT = iphoneos;
				SWIFT_ACTIVE_COMPILATION_CONDITIONS = DEBUG;
				SWIFT_OPTIMIZATION_LEVEL = "-Onone";
				TARGETED_DEVICE_FAMILY = "1,2";
			};
			name = Debug;
		};
		3BCEBAFF1F180A600025CD99 /* Release */ = {
			isa = XCBuildConfiguration;
			buildSettings = {
				ALWAYS_SEARCH_USER_PATHS = NO;
				CLANG_ANALYZER_NONNULL = YES;
				CLANG_ANALYZER_NUMBER_OBJECT_CONVERSION = YES_AGGRESSIVE;
				CLANG_CXX_LANGUAGE_STANDARD = "gnu++0x";
				CLANG_CXX_LIBRARY = "libc++";
				CLANG_ENABLE_MODULES = YES;
				CLANG_ENABLE_OBJC_ARC = YES;
				CLANG_WARN_BOOL_CONVERSION = YES;
				CLANG_WARN_CONSTANT_CONVERSION = YES;
				CLANG_WARN_DIRECT_OBJC_ISA_USAGE = YES_ERROR;
				CLANG_WARN_DOCUMENTATION_COMMENTS = YES;
				CLANG_WARN_EMPTY_BODY = YES;
				CLANG_WARN_ENUM_CONVERSION = YES;
				CLANG_WARN_INFINITE_RECURSION = YES;
				CLANG_WARN_INT_CONVERSION = YES;
				CLANG_WARN_OBJC_ROOT_CLASS = YES_ERROR;
				CLANG_WARN_SUSPICIOUS_MOVE = YES;
				CLANG_WARN_UNREACHABLE_CODE = YES;
				CLANG_WARN__DUPLICATE_METHOD_MATCH = YES;
				"CODE_SIGN_IDENTITY[sdk=iphoneos*]" = "iPhone Developer";
				COPY_PHASE_STRIP = NO;
				DEBUG_INFORMATION_FORMAT = "dwarf-with-dsym";
				ENABLE_NS_ASSERTIONS = NO;
				ENABLE_STRICT_OBJC_MSGSEND = YES;
				GCC_C_LANGUAGE_STANDARD = gnu99;
				GCC_NO_COMMON_BLOCKS = YES;
				GCC_WARN_64_TO_32_BIT_CONVERSION = YES;
				GCC_WARN_ABOUT_RETURN_TYPE = YES_ERROR;
				GCC_WARN_UNDECLARED_SELECTOR = YES;
				GCC_WARN_UNINITIALIZED_AUTOS = YES_AGGRESSIVE;
				GCC_WARN_UNUSED_FUNCTION = YES;
				GCC_WARN_UNUSED_VARIABLE = YES;
				IPHONEOS_DEPLOYMENT_TARGET = 10.3;
				MTL_ENABLE_DEBUG_INFO = NO;
				SDKROOT = iphoneos;
				SWIFT_OPTIMIZATION_LEVEL = "-Owholemodule";
				TARGETED_DEVICE_FAMILY = "1,2";
				VALIDATE_PRODUCT = YES;
			};
			name = Release;
		};
		3BCEBB011F180A600025CD99 /* Debug */ = {
			isa = XCBuildConfiguration;
			baseConfigurationReference = 1CD3A85F88BE98885DD0763B /* Pods-cryptick.debug.xcconfig */;
			buildSettings = {
				ASSETCATALOG_COMPILER_APPICON_NAME = AppIcon;
				DEVELOPMENT_TEAM = C65M6AU29L;
				INFOPLIST_FILE = cryptick/Info.plist;
				LD_RUNPATH_SEARCH_PATHS = "$(inherited) @executable_path/Frameworks";
				PRODUCT_BUNDLE_IDENTIFIER = com.chinchillasoft.cryptick;
				PRODUCT_NAME = "$(TARGET_NAME)";
				SWIFT_VERSION = 3.0;
			};
			name = Debug;
		};
		3BCEBB021F180A600025CD99 /* Release */ = {
			isa = XCBuildConfiguration;
			baseConfigurationReference = 148816B074B805AB246391F3 /* Pods-cryptick.release.xcconfig */;
			buildSettings = {
				ASSETCATALOG_COMPILER_APPICON_NAME = AppIcon;
				DEVELOPMENT_TEAM = C65M6AU29L;
				INFOPLIST_FILE = cryptick/Info.plist;
				LD_RUNPATH_SEARCH_PATHS = "$(inherited) @executable_path/Frameworks";
				PRODUCT_BUNDLE_IDENTIFIER = com.chinchillasoft.cryptick;
				PRODUCT_NAME = "$(TARGET_NAME)";
				SWIFT_VERSION = 3.0;
			};
			name = Release;
		};
		3BCEBB041F180A600025CD99 /* Debug */ = {
			isa = XCBuildConfiguration;
			baseConfigurationReference = 3AF65C503FA8A8045F861341 /* Pods-cryptickTests.debug.xcconfig */;
			buildSettings = {
				ALWAYS_EMBED_SWIFT_STANDARD_LIBRARIES = YES;
				BUNDLE_LOADER = "$(TEST_HOST)";
				DEVELOPMENT_TEAM = C65M6AU29L;
				INFOPLIST_FILE = cryptickTests/Info.plist;
				LD_RUNPATH_SEARCH_PATHS = "$(inherited) @executable_path/Frameworks @loader_path/Frameworks";
				PRODUCT_BUNDLE_IDENTIFIER = com.chinchillasoft..cryptickTests;
				PRODUCT_NAME = "$(TARGET_NAME)";
				SWIFT_VERSION = 3.0;
				TEST_HOST = "$(BUILT_PRODUCTS_DIR)/cryptick.app/cryptick";
			};
			name = Debug;
		};
		3BCEBB051F180A600025CD99 /* Release */ = {
			isa = XCBuildConfiguration;
			baseConfigurationReference = DCD3FC99C0DDB7DC65696107 /* Pods-cryptickTests.release.xcconfig */;
			buildSettings = {
				ALWAYS_EMBED_SWIFT_STANDARD_LIBRARIES = YES;
				BUNDLE_LOADER = "$(TEST_HOST)";
				DEVELOPMENT_TEAM = C65M6AU29L;
				INFOPLIST_FILE = cryptickTests/Info.plist;
				LD_RUNPATH_SEARCH_PATHS = "$(inherited) @executable_path/Frameworks @loader_path/Frameworks";
				PRODUCT_BUNDLE_IDENTIFIER = com.chinchillasoft..cryptickTests;
				PRODUCT_NAME = "$(TARGET_NAME)";
				SWIFT_VERSION = 3.0;
				TEST_HOST = "$(BUILT_PRODUCTS_DIR)/cryptick.app/cryptick";
			};
			name = Release;
		};
		3BCEBB071F180A600025CD99 /* Debug */ = {
			isa = XCBuildConfiguration;
			baseConfigurationReference = 1CCFECC20D82EAA95B077B61 /* Pods-cryptickUITests.debug.xcconfig */;
			buildSettings = {
				ALWAYS_EMBED_SWIFT_STANDARD_LIBRARIES = YES;
				DEVELOPMENT_TEAM = C65M6AU29L;
				INFOPLIST_FILE = cryptickUITests/Info.plist;
				LD_RUNPATH_SEARCH_PATHS = "$(inherited) @executable_path/Frameworks @loader_path/Frameworks";
				PRODUCT_BUNDLE_IDENTIFIER = com.chinchillasoft..cryptickUITests;
				PRODUCT_NAME = "$(TARGET_NAME)";
				SWIFT_VERSION = 3.0;
				TEST_TARGET_NAME = cryptick;
			};
			name = Debug;
		};
		3BCEBB081F180A600025CD99 /* Release */ = {
			isa = XCBuildConfiguration;
			baseConfigurationReference = 94FDA38B3A8AEEC04AF4DC69 /* Pods-cryptickUITests.release.xcconfig */;
			buildSettings = {
				ALWAYS_EMBED_SWIFT_STANDARD_LIBRARIES = YES;
				DEVELOPMENT_TEAM = C65M6AU29L;
				INFOPLIST_FILE = cryptickUITests/Info.plist;
				LD_RUNPATH_SEARCH_PATHS = "$(inherited) @executable_path/Frameworks @loader_path/Frameworks";
				PRODUCT_BUNDLE_IDENTIFIER = com.chinchillasoft..cryptickUITests;
				PRODUCT_NAME = "$(TARGET_NAME)";
				SWIFT_VERSION = 3.0;
				TEST_TARGET_NAME = cryptick;
			};
			name = Release;
		};
/* End XCBuildConfiguration section */

/* Begin XCConfigurationList section */
		3BCEBAD31F180A5F0025CD99 /* Build configuration list for PBXProject "cryptick" */ = {
			isa = XCConfigurationList;
			buildConfigurations = (
				3BCEBAFE1F180A600025CD99 /* Debug */,
				3BCEBAFF1F180A600025CD99 /* Release */,
			);
			defaultConfigurationIsVisible = 0;
			defaultConfigurationName = Release;
		};
		3BCEBB001F180A600025CD99 /* Build configuration list for PBXNativeTarget "cryptick" */ = {
			isa = XCConfigurationList;
			buildConfigurations = (
				3BCEBB011F180A600025CD99 /* Debug */,
				3BCEBB021F180A600025CD99 /* Release */,
			);
			defaultConfigurationIsVisible = 0;
			defaultConfigurationName = Release;
		};
		3BCEBB031F180A600025CD99 /* Build configuration list for PBXNativeTarget "cryptickTests" */ = {
			isa = XCConfigurationList;
			buildConfigurations = (
				3BCEBB041F180A600025CD99 /* Debug */,
				3BCEBB051F180A600025CD99 /* Release */,
			);
			defaultConfigurationIsVisible = 0;
			defaultConfigurationName = Release;
		};
		3BCEBB061F180A600025CD99 /* Build configuration list for PBXNativeTarget "cryptickUITests" */ = {
			isa = XCConfigurationList;
			buildConfigurations = (
				3BCEBB071F180A600025CD99 /* Debug */,
				3BCEBB081F180A600025CD99 /* Release */,
			);
			defaultConfigurationIsVisible = 0;
			defaultConfigurationName = Release;
		};
/* End XCConfigurationList section */
	};
	rootObject = 3BCEBAD01F180A5F0025CD99 /* Project object */;
}
